
Microsoft Visual Studio Solution File, Format Version 12.00
# Visual Studio Version 17
VisualStudioVersion = 17.2.32616.157
MinimumVisualStudioVersion = 10.0.40219.1
Project("{FAE04EC0-301F-11D3-BF4B-00C04F79EFBC}") = "RevitAddinAcademy", "RevitAddinAcademy\RevitAddinAcademy.csproj", "{831DC10A-8F81-4F3A-97F7-61F44D48E20A}"
EndProject
Global
	GlobalSection(SolutionConfigurationPlatforms) = preSolution
		Debug|Any CPU = Debug|Any CPU
		Release|Any CPU = Release|Any CPU
	EndGlobalSection
	GlobalSection(ProjectConfigurationPlatforms) = postSolution
		{831DC10A-8F81-4F3A-97F7-61F44D48E20A}.Debug|Any CPU.ActiveCfg = Debug|Any CPU
		{831DC10A-8F81-4F3A-97F7-61F44D48E20A}.Debug|Any CPU.Build.0 = Debug|Any CPU
		{831DC10A-8F81-4F3A-97F7-61F44D48E20A}.Release|Any CPU.ActiveCfg = Release|Any CPU
		{831DC10A-8F81-4F3A-97F7-61F44D48E20A}.Release|Any CPU.Build.0 = Release|Any CPU
	EndGlobalSection
	GlobalSection(SolutionProperties) = preSolution
		HideSolutionNode = FALSE
	EndGlobalSection
	GlobalSection(ExtensibilityGlobals) = postSolution
		SolutionGuid = {86CE6FE2-8DF1-4495-9427-7AC3AE774386}
	EndGlobalSection
EndGlobal
